# THIS IS AN AUTOGENERATED FILE. DO NOT EDIT THIS FILE DIRECTLY.
# yarn lockfile v1


"@polymer/font-roboto@^3.0.0-pre.19", "@polymer/font-roboto@^3.0.0-pre.25":
  version "3.0.1"
  resolved "https://registry.npmjs.org/@polymer/font-roboto/-/font-roboto-3.0.1.tgz#0f3e184ce1c09e132653e34cbbbf1014164a986c"

"@polymer/iron-a11y-keys-behavior@^3.0.0-pre.19":
  version "3.0.0-pre.19"
  resolved "https://registry.npmjs.org/@polymer/iron-a11y-keys-behavior/-/iron-a11y-keys-behavior-3.0.0-pre.19.tgz#4a335111c773af9c4376237be483ee196ab2d966"
  dependencies:
    "@polymer/polymer" "^3.0.0"

"@polymer/iron-behaviors@^3.0.0-pre.19":
  version "3.0.0-pre.19"
  resolved "https://registry.npmjs.org/@polymer/iron-behaviors/-/iron-behaviors-3.0.0-pre.19.tgz#0f44cf7068f9d581b896980f18556706ea0c6eaa"
  dependencies:
    "@polymer/iron-a11y-keys-behavior" "^3.0.0-pre.19"
    "@polymer/polymer" "^3.0.0"

"@polymer/iron-checked-element-behavior@^3.0.0-pre.19":
  version "3.0.0-pre.19"
  resolved "https://registry.npmjs.org/@polymer/iron-checked-element-behavior/-/iron-checked-element-behavior-3.0.0-pre.19.tgz#c79c8529c7bddf8b3fc5da1e81c938a286e424aa"
  dependencies:
    "@polymer/iron-form-element-behavior" "^3.0.0-pre.19"
    "@polymer/iron-validatable-behavior" "^3.0.0-pre.19"
    "@polymer/polymer" "^3.0.0"

"@polymer/iron-demo-helpers@^3.0.0-pre.19":
  version "3.0.1"
  resolved "https://registry.npmjs.org/@polymer/iron-demo-helpers/-/iron-demo-helpers-3.0.1.tgz#7f2a482360412e33e7054f36248250723aa0f8c5"
  dependencies:
    "@polymer/font-roboto" "^3.0.0-pre.25"
    "@polymer/iron-flex-layout" "^3.0.0-pre.25"
    "@polymer/iron-location" "^3.0.0-pre.25"
    "@polymer/marked-element" "^3.0.0-pre.25"
    "@polymer/polymer" "^3.0.0"
    "@polymer/prism-element" "^3.0.0-pre.25"

"@polymer/iron-flex-layout@^3.0.0-pre.19", "@polymer/iron-flex-layout@^3.0.0-pre.24", "@polymer/iron-flex-layout@^3.0.0-pre.25":
  version "3.0.0-pre.25"
  resolved "https://registry.npmjs.org/@polymer/iron-flex-layout/-/iron-flex-layout-3.0.0-pre.25.tgz#b4a01c244cc0bcaf8f4fad3e7727b66e06874089"
  dependencies:
    "@polymer/polymer" "^3.0.0"

"@polymer/iron-form-element-behavior@^3.0.0-pre.19":
  version "3.0.0-pre.19"
  resolved "https://registry.npmjs.org/@polymer/iron-form-element-behavior/-/iron-form-element-behavior-3.0.0-pre.19.tgz#0fee7892af6a79cea7ef7ef1c7f738ac9f916ec6"
  dependencies:
    "@polymer/polymer" "^3.0.0"

"@polymer/iron-icon@^3.0.0-pre.19", "@polymer/iron-icon@^3.0.0-pre.24":
  version "3.0.0-pre.25"
  resolved "https://registry.npmjs.org/@polymer/iron-icon/-/iron-icon-3.0.0-pre.25.tgz#c5bdb739b4461acca8de81657ccd976a89492ffe"
  dependencies:
    "@polymer/iron-flex-layout" "^3.0.0-pre.24"
    "@polymer/iron-meta" "^3.0.0-pre.24"
    "@polymer/polymer" "^3.0.0"

"@polymer/iron-icons@^3.0.0-pre.19":
  version "3.0.0-pre.25"
  resolved "https://registry.npmjs.org/@polymer/iron-icons/-/iron-icons-3.0.0-pre.25.tgz#f5e1b7376bddf3409fe9c9bab9959b3a7a181f0c"
  dependencies:
    "@polymer/iron-icon" "^3.0.0-pre.24"
    "@polymer/iron-iconset-svg" "^3.0.0-pre.24"
    "@polymer/polymer" "^3.0.0"

"@polymer/iron-iconset-svg@^3.0.0-pre.24":
  version "3.0.0-pre.25"
  resolved "https://registry.npmjs.org/@polymer/iron-iconset-svg/-/iron-iconset-svg-3.0.0-pre.25.tgz#f710b0497a5f133842d108a3631aa67e53cddc25"
  dependencies:
    "@polymer/iron-meta" "^3.0.0-pre.24"
    "@polymer/polymer" "^3.0.0"

"@polymer/iron-location@^3.0.0-pre.25":
  version "3.0.0-pre.25"
  resolved "https://registry.npmjs.org/@polymer/iron-location/-/iron-location-3.0.0-pre.25.tgz#eeb40ba371f2f7254236b3ed97d8045d54c6a8fc"
  dependencies:
    "@polymer/polymer" "^3.0.0"

"@polymer/iron-meta@^3.0.0-pre.19", "@polymer/iron-meta@^3.0.0-pre.24":
  version "3.0.0-pre.25"
  resolved "https://registry.npmjs.org/@polymer/iron-meta/-/iron-meta-3.0.0-pre.25.tgz#c95c44cbda572b6753cea2f022f94c67d5f698a0"
  dependencies:
    "@polymer/polymer" "^3.0.0"

"@polymer/iron-validatable-behavior@^3.0.0-pre.19":
  version "3.0.0-pre.19"
  resolved "https://registry.npmjs.org/@polymer/iron-validatable-behavior/-/iron-validatable-behavior-3.0.0-pre.19.tgz#2168f83466e85a2caa329f0b9db7060d2de38a7d"
  dependencies:
    "@polymer/iron-meta" "^3.0.0-pre.19"
    "@polymer/polymer" "^3.0.0"

"@polymer/lit-element@0.6.0-dev.6":
  version "0.6.0-dev.6"
  resolved "https://registry.npmjs.org/@polymer/lit-element/-/lit-element-0.6.0-dev.6.tgz#d60d01061300c8059d9dde3a9c14e03777b6a35d"
  dependencies:
    lit-html "^0.11.0"

"@polymer/marked-element@^3.0.0-pre.25":
  version "3.0.0-pre.25"
  resolved "https://registry.npmjs.org/@polymer/marked-element/-/marked-element-3.0.0-pre.25.tgz#afd4fd814d1940be79f1f80c7e3cef55738bf383"
  dependencies:
    "@polymer/polymer" "^3.0.0"
    marked "~0.3.9"

"@polymer/paper-behaviors@^3.0.0-pre.19":
  version "3.0.0-pre.19"
  resolved "https://registry.npmjs.org/@polymer/paper-behaviors/-/paper-behaviors-3.0.0-pre.19.tgz#02fdf0accf86f3f3836b82e333776ca5e9eeb25a"
  dependencies:
    "@polymer/iron-behaviors" "^3.0.0-pre.19"
    "@polymer/iron-checked-element-behavior" "^3.0.0-pre.19"
    "@polymer/paper-ripple" "^3.0.0-pre.19"
    "@polymer/polymer" "^3.0.0"

"@polymer/paper-icon-button@^3.0.0-pre.19":
  version "3.0.0-pre.19"
  resolved "https://registry.npmjs.org/@polymer/paper-icon-button/-/paper-icon-button-3.0.0-pre.19.tgz#e478b5838363285394c3c1a3addd72d3bb1d789b"
  dependencies:
    "@polymer/iron-icon" "^3.0.0-pre.19"
    "@polymer/paper-behaviors" "^3.0.0-pre.19"
    "@polymer/paper-styles" "^3.0.0-pre.19"
    "@polymer/polymer" "^3.0.0"

"@polymer/paper-ripple@^3.0.0-pre.19":
  version "3.0.0-pre.19"
  resolved "https://registry.npmjs.org/@polymer/paper-ripple/-/paper-ripple-3.0.0-pre.19.tgz#9e72d59d07c954a0e3de70b44a12c66a508b80ee"
  dependencies:
    "@polymer/iron-a11y-keys-behavior" "^3.0.0-pre.19"
    "@polymer/polymer" "^3.0.0"

"@polymer/paper-styles@^3.0.0-pre.19":
  version "3.0.0-pre.19"
  resolved "https://registry.npmjs.org/@polymer/paper-styles/-/paper-styles-3.0.0-pre.19.tgz#72ba066b0de9153d835639ebe63ce2afbe5425b0"
  dependencies:
    "@polymer/font-roboto" "^3.0.0-pre.19"
    "@polymer/iron-flex-layout" "^3.0.0-pre.19"
    "@polymer/polymer" "^3.0.0"

"@polymer/polymer@^3.0.0":
  version "3.0.2"
  resolved "https://registry.npmjs.org/@polymer/polymer/-/polymer-3.0.2.tgz#626e6f9fae9716b0962ce0211e21df242153eab2"
  dependencies:
    "@webcomponents/shadycss" "^1.2.0"

"@polymer/prism-element@^3.0.0-pre.25":
  version "3.0.0-pre.25"
  resolved "https://registry.npmjs.org/@polymer/prism-element/-/prism-element-3.0.0-pre.25.tgz#73cb901983f94439123f1eaaebaf2e5bf4f1f5e1"
  dependencies:
    "@polymer/polymer" "^3.0.0"
    prismjs "^1.11.0"

"@polymer/sinonjs@^1.14.1":
  version "1.17.1"
  resolved "https://registry.npmjs.org/@polymer/sinonjs/-/sinonjs-1.17.1.tgz#e47d3785b7d0e8c29feb97f7e924b0fc597e2e9b"

"@polymer/test-fixture@^3.0.0-pre.1":
  version "3.0.0-pre.19"
  resolved "https://registry.npmjs.org/@polymer/test-fixture/-/test-fixture-3.0.0-pre.19.tgz#415e16f75da4a242171c5954b6f4443fdca0c4c2"

"@webcomponents/shadycss@^1.2.0":
  version "1.5.0"
  resolved "https://registry.npmjs.org/@webcomponents/shadycss/-/shadycss-1.5.0.tgz#109e596027eed04bc5032414c9f094e1aeb9260e"

"@webcomponents/webcomponentsjs@^2.0.0":
  version "2.1.1"
  resolved "https://registry.npmjs.org/@webcomponents/webcomponentsjs/-/webcomponentsjs-2.1.1.tgz#2884f5a878d0823dd6b3a15a06fb0382c3012d88"

accessibility-developer-tools@^2.12.0:
  version "2.12.0"
  resolved "https://registry.npmjs.org/accessibility-developer-tools/-/accessibility-developer-tools-2.12.0.tgz#3da0cce9d6ec6373964b84f35db7cfc3df7ab514"

ansi-html@0.0.7:
  version "0.0.7"
  resolved "https://registry.npmjs.org/ansi-html/-/ansi-html-0.0.7.tgz#813584021962a9e9e6fd039f940d12f56ca7859e"

ansi-regex@^2.0.0:
  version "2.1.1"
  resolved "https://registry.npmjs.org/ansi-regex/-/ansi-regex-2.1.1.tgz#c3b33ab5ee360d86e0e628f0468ae7ef27d654df"

ansi-styles@^2.2.1:
  version "2.2.1"
  resolved "https://registry.npmjs.org/ansi-styles/-/ansi-styles-2.2.1.tgz#b432dd3358b634cf75e1e4664368240533c1ddbe"

ansi-styles@^3.2.1:
  version "3.2.1"
  resolved "https://registry.npmjs.org/ansi-styles/-/ansi-styles-3.2.1.tgz#41fbb20243e50b12be0f04b8dedbf07520ce841d"
  dependencies:
    color-convert "^1.9.0"

arr-diff@^4.0.0:
  version "4.0.0"
  resolved "https://registry.npmjs.org/arr-diff/-/arr-diff-4.0.0.tgz#d6461074febfec71e7e15235761a329a5dc7c520"

arr-flatten@^1.1.0:
  version "1.1.0"
  resolved "https://registry.npmjs.org/arr-flatten/-/arr-flatten-1.1.0.tgz#36048bbff4e7b47e136644316c99669ea5ae91f1"

arr-union@^3.1.0:
  version "3.1.0"
  resolved "https://registry.npmjs.org/arr-union/-/arr-union-3.1.0.tgz#e39b09aea9def866a8f206e288af63919bae39c4"

array-unique@^0.3.2:
  version "0.3.2"
  resolved "https://registry.npmjs.org/array-unique/-/array-unique-0.3.2.tgz#a894b75d4bc4f6cd679ef3244a9fd8f46ae2d428"

assertion-error@^1.0.1:
  version "1.1.0"
  resolved "https://registry.npmjs.org/assertion-error/-/assertion-error-1.1.0.tgz#e60b6b0e8f301bd97e5375215bda406c85118c0b"

assign-symbols@^1.0.0:
  version "1.0.0"
  resolved "https://registry.npmjs.org/assign-symbols/-/assign-symbols-1.0.0.tgz#59667f41fadd4f20ccbc2bb96b8d4f7f78ec0367"

async@^1.5.2:
  version "1.5.2"
  resolved "https://registry.npmjs.org/async/-/async-1.5.2.tgz#ec6a61ae56480c0c3cb241c95618e20892f9672a"

atob@^2.1.1:
  version "2.1.2"
  resolved "https://registry.npmjs.org/atob/-/atob-2.1.2.tgz#6d9517eb9e030d2436666651e86bd9f6f13533c9"

balanced-match@^1.0.0:
  version "1.0.0"
  resolved "https://registry.npmjs.org/balanced-match/-/balanced-match-1.0.0.tgz#89b4d199ab2bee49de164ea02b89ce462d71b767"

base@^0.11.1:
  version "0.11.2"
  resolved "https://registry.npmjs.org/base/-/base-0.11.2.tgz#7bde5ced145b6d551a90db87f83c558b4eb48a8f"
  dependencies:
    cache-base "^1.0.1"
    class-utils "^0.3.5"
    component-emitter "^1.2.1"
    define-property "^1.0.0"
    isobject "^3.0.1"
    mixin-deep "^1.2.0"
    pascalcase "^0.1.1"

big.js@^3.1.3:
  version "3.2.0"
  resolved "https://registry.npmjs.org/big.js/-/big.js-3.2.0.tgz#a5fc298b81b9e0dca2e458824784b65c52ba588e"

brace-expansion@^1.1.7:
  version "1.1.11"
  resolved "https://registry.npmjs.org/brace-expansion/-/brace-expansion-1.1.11.tgz#3c7fcbf529d87226f3d2f52b966ff5271eb441dd"
  dependencies:
    balanced-match "^1.0.0"
    concat-map "0.0.1"

braces@^2.3.1:
  version "2.3.2"
  resolved "https://registry.npmjs.org/braces/-/braces-2.3.2.tgz#5979fd3f14cd531565e5fa2df1abfff1dfaee729"
  dependencies:
    arr-flatten "^1.1.0"
    array-unique "^0.3.2"
    extend-shallow "^2.0.1"
    fill-range "^4.0.0"
    isobject "^3.0.1"
    repeat-element "^1.1.2"
    snapdragon "^0.8.1"
    snapdragon-node "^2.0.1"
    split-string "^3.0.2"
    to-regex "^3.0.1"

browser-stdout@1.3.0:
  version "1.3.0"
  resolved "https://registry.npmjs.org/browser-stdout/-/browser-stdout-1.3.0.tgz#f351d32969d32fa5d7a5567154263d928ae3bd1f"

cache-base@^1.0.1:
  version "1.0.1"
  resolved "https://registry.npmjs.org/cache-base/-/cache-base-1.0.1.tgz#0a7f46416831c8b662ee36fe4e7c59d76f666ab2"
  dependencies:
    collection-visit "^1.0.0"
    component-emitter "^1.2.1"
    get-value "^2.0.6"
    has-value "^1.0.0"
    isobject "^3.0.1"
    set-value "^2.0.0"
    to-object-path "^0.3.0"
    union-value "^1.0.0"
    unset-value "^1.0.0"

chai@^3.5.0:
  version "3.5.0"
  resolved "https://registry.npmjs.org/chai/-/chai-3.5.0.tgz#4d02637b067fe958bdbfdd3a40ec56fef7373247"
  dependencies:
    assertion-error "^1.0.1"
    deep-eql "^0.1.3"
    type-detect "^1.0.0"

chalk@^1.1.1:
  version "1.1.3"
  resolved "https://registry.npmjs.org/chalk/-/chalk-1.1.3.tgz#a8115c55e4a702fe4d150abd3872822a7e09fc98"
  dependencies:
    ansi-styles "^2.2.1"
    escape-string-regexp "^1.0.2"
    has-ansi "^2.0.0"
    strip-ansi "^3.0.0"
    supports-color "^2.0.0"

chalk@^2.3.0:
  version "2.4.1"
  resolved "https://registry.npmjs.org/chalk/-/chalk-2.4.1.tgz#18c49ab16a037b6eb0152cc83e3471338215b66e"
  dependencies:
    ansi-styles "^3.2.1"
    escape-string-regexp "^1.0.5"
    supports-color "^5.3.0"

class-utils@^0.3.5:
  version "0.3.6"
  resolved "https://registry.npmjs.org/class-utils/-/class-utils-0.3.6.tgz#f93369ae8b9a7ce02fd41faad0ca83033190c463"
  dependencies:
    arr-union "^3.1.0"
    define-property "^0.2.5"
    isobject "^3.0.0"
    static-extend "^0.1.1"

clipboard@^2.0.0:
  version "2.0.1"
  resolved "https://registry.npmjs.org/clipboard/-/clipboard-2.0.1.tgz#a12481e1c13d8a50f5f036b0560fe5d16d74e46a"
  dependencies:
    good-listener "^1.2.2"
    select "^1.1.2"
    tiny-emitter "^2.0.0"

collection-visit@^1.0.0:
  version "1.0.0"
  resolved "https://registry.npmjs.org/collection-visit/-/collection-visit-1.0.0.tgz#4bc0373c164bc3291b4d368c829cf1a80a59dca0"
  dependencies:
    map-visit "^1.0.0"
    object-visit "^1.0.0"

color-convert@^1.9.0:
  version "1.9.3"
  resolved "https://registry.npmjs.org/color-convert/-/color-convert-1.9.3.tgz#bb71850690e1f136567de629d2d5471deda4c1e8"
  dependencies:
    color-name "1.1.3"

color-name@1.1.3:
  version "1.1.3"
  resolved "https://registry.npmjs.org/color-name/-/color-name-1.1.3.tgz#a7d0558bd89c42f795dd42328f740831ca53bc25"

commander@2.9.0:
  version "2.9.0"
  resolved "https://registry.npmjs.org/commander/-/commander-2.9.0.tgz#9c99094176e12240cb22d6c5146098400fe0f7d4"
  dependencies:
    graceful-readlink ">= 1.0.0"

component-emitter@^1.2.1:
  version "1.2.1"
  resolved "https://registry.npmjs.org/component-emitter/-/component-emitter-1.2.1.tgz#137918d6d78283f7df7a6b7c5a63e140e69425e6"

concat-map@0.0.1:
  version "0.0.1"
  resolved "https://registry.npmjs.org/concat-map/-/concat-map-0.0.1.tgz#d8a96bd77fd68df7793a73036a3ba0d5405d477b"

copy-descriptor@^0.1.0:
  version "0.1.1"
  resolved "https://registry.npmjs.org/copy-descriptor/-/copy-descriptor-0.1.1.tgz#676f6eb3c39997c2ee1ac3a924fd6124748f578d"

core-util-is@~1.0.0:
  version "1.0.2"
  resolved "https://registry.npmjs.org/core-util-is/-/core-util-is-1.0.2.tgz#b5fd54220aa2bc5ab57aab7140c940754503c1a7"

debug@2.6.8:
  version "2.6.8"
  resolved "https://registry.npmjs.org/debug/-/debug-2.6.8.tgz#e731531ca2ede27d188222427da17821d68ff4fc"
  dependencies:
    ms "2.0.0"

debug@^2.2.0, debug@^2.3.3:
  version "2.6.9"
  resolved "https://registry.npmjs.org/debug/-/debug-2.6.9.tgz#5d128515df134ff327e90a4c93f4e077a536341f"
  dependencies:
    ms "2.0.0"

decode-uri-component@^0.2.0:
  version "0.2.0"
  resolved "https://registry.npmjs.org/decode-uri-component/-/decode-uri-component-0.2.0.tgz#eb3913333458775cb84cd1a1fae062106bb87545"

deep-eql@^0.1.3:
  version "0.1.3"
  resolved "https://registry.npmjs.org/deep-eql/-/deep-eql-0.1.3.tgz#ef558acab8de25206cd713906d74e56930eb69f2"
  dependencies:
    type-detect "0.1.1"

define-property@^0.2.5:
  version "0.2.5"
  resolved "https://registry.npmjs.org/define-property/-/define-property-0.2.5.tgz#c35b1ef918ec3c990f9a5bc57be04aacec5c8116"
  dependencies:
    is-descriptor "^0.1.0"

define-property@^1.0.0:
  version "1.0.0"
  resolved "https://registry.npmjs.org/define-property/-/define-property-1.0.0.tgz#769ebaaf3f4a63aad3af9e8d304c9bbe79bfb0e6"
  dependencies:
    is-descriptor "^1.0.0"

define-property@^2.0.2:
  version "2.0.2"
  resolved "https://registry.npmjs.org/define-property/-/define-property-2.0.2.tgz#d459689e8d654ba77e02a817f8710d702cb16e9d"
  dependencies:
    is-descriptor "^1.0.2"
    isobject "^3.0.1"

delegate@^3.1.2:
  version "3.2.0"
  resolved "https://registry.npmjs.org/delegate/-/delegate-3.2.0.tgz#b66b71c3158522e8ab5744f720d8ca0c2af59166"

diff@3.2.0:
  version "3.2.0"
  resolved "https://registry.npmjs.org/diff/-/diff-3.2.0.tgz#c9ce393a4b7cbd0b058a725c93df299027868ff9"

emojis-list@^2.0.0:
  version "2.1.0"
  resolved "https://registry.npmjs.org/emojis-list/-/emojis-list-2.1.0.tgz#4daa4d9db00f9819880c79fa457ae5b09a1fd389"

enhanced-resolve@^4.0.0:
  version "4.1.0"
  resolved "https://registry.npmjs.org/enhanced-resolve/-/enhanced-resolve-4.1.0.tgz#41c7e0bfdfe74ac1ffe1e57ad6a5c6c9f3742a7f"
  dependencies:
    graceful-fs "^4.1.2"
    memory-fs "^0.4.0"
    tapable "^1.0.0"

errno@^0.1.3:
  version "0.1.7"
  resolved "https://registry.npmjs.org/errno/-/errno-0.1.7.tgz#4684d71779ad39af177e3f007996f7c67c852618"
  dependencies:
    prr "~1.0.1"

escape-string-regexp@1.0.5, escape-string-regexp@^1.0.2, escape-string-regexp@^1.0.5:
  version "1.0.5"
  resolved "https://registry.npmjs.org/escape-string-regexp/-/escape-string-regexp-1.0.5.tgz#1b61c0562190a8dff6ae3bb2cf0200ca130b86d4"

expand-brackets@^2.1.4:
  version "2.1.4"
  resolved "https://registry.npmjs.org/expand-brackets/-/expand-brackets-2.1.4.tgz#b77735e315ce30f6b6eff0f83b04151a22449622"
  dependencies:
    debug "^2.3.3"
    define-property "^0.2.5"
    extend-shallow "^2.0.1"
    posix-character-classes "^0.1.0"
    regex-not "^1.0.0"
    snapdragon "^0.8.1"
    to-regex "^3.0.1"

extend-shallow@^2.0.1:
  version "2.0.1"
  resolved "https://registry.npmjs.org/extend-shallow/-/extend-shallow-2.0.1.tgz#51af7d614ad9a9f610ea1bafbb989d6b1c56890f"
  dependencies:
    is-extendable "^0.1.0"

extend-shallow@^3.0.0, extend-shallow@^3.0.2:
  version "3.0.2"
  resolved "https://registry.npmjs.org/extend-shallow/-/extend-shallow-3.0.2.tgz#26a71aaf073b39fb2127172746131c2704028db8"
  dependencies:
    assign-symbols "^1.0.0"
    is-extendable "^1.0.1"

extglob@^2.0.4:
  version "2.0.4"
  resolved "https://registry.npmjs.org/extglob/-/extglob-2.0.4.tgz#ad00fe4dc612a9232e8718711dc5cb5ab0285543"
  dependencies:
    array-unique "^0.3.2"
    define-property "^1.0.0"
    expand-brackets "^2.1.4"
    extend-shallow "^2.0.1"
    fragment-cache "^0.2.1"
    regex-not "^1.0.0"
    snapdragon "^0.8.1"
    to-regex "^3.0.1"

fill-range@^4.0.0:
  version "4.0.0"
  resolved "https://registry.npmjs.org/fill-range/-/fill-range-4.0.0.tgz#d544811d428f98eb06a63dc402d2403c328c38f7"
  dependencies:
    extend-shallow "^2.0.1"
    is-number "^3.0.0"
    repeat-string "^1.6.1"
    to-regex-range "^2.1.0"

for-in@^1.0.2:
  version "1.0.2"
  resolved "https://registry.npmjs.org/for-in/-/for-in-1.0.2.tgz#81068d295a8142ec0ac726c6e2200c30fb6d5e80"

formatio@1.1.1:
  version "1.1.1"
  resolved "https://registry.npmjs.org/formatio/-/formatio-1.1.1.tgz#5ed3ccd636551097383465d996199100e86161e9"
  dependencies:
    samsam "~1.1"

fragment-cache@^0.2.1:
  version "0.2.1"
  resolved "https://registry.npmjs.org/fragment-cache/-/fragment-cache-0.2.1.tgz#4290fad27f13e89be7f33799c6bc5a0abfff0d19"
  dependencies:
    map-cache "^0.2.2"

fs.realpath@^1.0.0:
  version "1.0.0"
  resolved "https://registry.npmjs.org/fs.realpath/-/fs.realpath-1.0.0.tgz#1504ad2523158caa40db4a2787cb01411994ea4f"

get-value@^2.0.3, get-value@^2.0.6:
  version "2.0.6"
  resolved "https://registry.npmjs.org/get-value/-/get-value-2.0.6.tgz#dc15ca1c672387ca76bd37ac0a395ba2042a2c28"

glob@7.1.1:
  version "7.1.1"
  resolved "https://registry.npmjs.org/glob/-/glob-7.1.1.tgz#805211df04faaf1c63a3600306cdf5ade50b2ec8"
  dependencies:
    fs.realpath "^1.0.0"
    inflight "^1.0.4"
    inherits "2"
    minimatch "^3.0.2"
    once "^1.3.0"
    path-is-absolute "^1.0.0"

good-listener@^1.2.2:
  version "1.2.2"
  resolved "https://registry.npmjs.org/good-listener/-/good-listener-1.2.2.tgz#d53b30cdf9313dffb7dc9a0d477096aa6d145c50"
  dependencies:
    delegate "^3.1.2"

graceful-fs@^4.1.2:
  version "4.1.11"
  resolved "https://registry.npmjs.org/graceful-fs/-/graceful-fs-4.1.11.tgz#0e8bdfe4d1ddb8854d64e04ea7c00e2a026e5658"

"graceful-readlink@>= 1.0.0":
  version "1.0.1"
  resolved "https://registry.npmjs.org/graceful-readlink/-/graceful-readlink-1.0.1.tgz#4cafad76bc62f02fa039b2f94e9a3dd3a391a725"

growl@1.9.2:
  version "1.9.2"
  resolved "https://registry.npmjs.org/growl/-/growl-1.9.2.tgz#0ea7743715db8d8de2c5ede1775e1b45ac85c02f"

has-ansi@^2.0.0:
  version "2.0.0"
  resolved "https://registry.npmjs.org/has-ansi/-/has-ansi-2.0.0.tgz#34f5049ce1ecdf2b0649af3ef24e45ed35416d91"
  dependencies:
    ansi-regex "^2.0.0"

has-flag@^1.0.0:
  version "1.0.0"
  resolved "https://registry.npmjs.org/has-flag/-/has-flag-1.0.0.tgz#9d9e793165ce017a00f00418c43f942a7b1d11fa"

has-flag@^3.0.0:
  version "3.0.0"
  resolved "https://registry.npmjs.org/has-flag/-/has-flag-3.0.0.tgz#b5d454dc2199ae225699f3467e5a07f3b955bafd"

has-value@^0.3.1:
  version "0.3.1"
  resolved "https://registry.npmjs.org/has-value/-/has-value-0.3.1.tgz#7b1f58bada62ca827ec0a2078025654845995e1f"
  dependencies:
    get-value "^2.0.3"
    has-values "^0.1.4"
    isobject "^2.0.0"

has-value@^1.0.0:
  version "1.0.0"
  resolved "https://registry.npmjs.org/has-value/-/has-value-1.0.0.tgz#18b281da585b1c5c51def24c930ed29a0be6b177"
  dependencies:
    get-value "^2.0.6"
    has-values "^1.0.0"
    isobject "^3.0.0"

has-values@^0.1.4:
  version "0.1.4"
  resolved "https://registry.npmjs.org/has-values/-/has-values-0.1.4.tgz#6d61de95d91dfca9b9a02089ad384bff8f62b771"

has-values@^1.0.0:
  version "1.0.0"
  resolved "https://registry.npmjs.org/has-values/-/has-values-1.0.0.tgz#95b0b63fec2146619a6fe57fe75628d5a39efe4f"
  dependencies:
    is-number "^3.0.0"
    kind-of "^4.0.0"

he@1.1.1:
  version "1.1.1"
  resolved "https://registry.npmjs.org/he/-/he-1.1.1.tgz#93410fd21b009735151f8868c2f271f3427e23fd"

html-entities@^1.2.0:
  version "1.2.1"
  resolved "https://registry.npmjs.org/html-entities/-/html-entities-1.2.1.tgz#0df29351f0721163515dfb9e5543e5f6eed5162f"

inflight@^1.0.4:
  version "1.0.6"
  resolved "https://registry.npmjs.org/inflight/-/inflight-1.0.6.tgz#49bd6331d7d02d0c09bc910a1075ba8165b56df9"
  dependencies:
    once "^1.3.0"
    wrappy "1"

inherits@2, inherits@~2.0.3:
  version "2.0.3"
  resolved "https://registry.npmjs.org/inherits/-/inherits-2.0.3.tgz#633c2c83e3da42a502f52466022480f4208261de"

inherits@2.0.1:
  version "2.0.1"
  resolved "https://registry.npmjs.org/inherits/-/inherits-2.0.1.tgz#b17d08d326b4423e568eff719f91b0b1cbdf69f1"

is-accessor-descriptor@^0.1.6:
  version "0.1.6"
  resolved "https://registry.npmjs.org/is-accessor-descriptor/-/is-accessor-descriptor-0.1.6.tgz#a9e12cb3ae8d876727eeef3843f8a0897b5c98d6"
  dependencies:
    kind-of "^3.0.2"

is-accessor-descriptor@^1.0.0:
  version "1.0.0"
  resolved "https://registry.npmjs.org/is-accessor-descriptor/-/is-accessor-descriptor-1.0.0.tgz#169c2f6d3df1f992618072365c9b0ea1f6878656"
  dependencies:
    kind-of "^6.0.0"

is-buffer@^1.1.5:
  version "1.1.6"
  resolved "https://registry.npmjs.org/is-buffer/-/is-buffer-1.1.6.tgz#efaa2ea9daa0d7ab2ea13a97b2b8ad51fefbe8be"

is-data-descriptor@^0.1.4:
  version "0.1.4"
  resolved "https://registry.npmjs.org/is-data-descriptor/-/is-data-descriptor-0.1.4.tgz#0b5ee648388e2c860282e793f1856fec3f301b56"
  dependencies:
    kind-of "^3.0.2"

is-data-descriptor@^1.0.0:
  version "1.0.0"
  resolved "https://registry.npmjs.org/is-data-descriptor/-/is-data-descriptor-1.0.0.tgz#d84876321d0e7add03990406abbbbd36ba9268c7"
  dependencies:
    kind-of "^6.0.0"

is-descriptor@^0.1.0:
  version "0.1.6"
  resolved "https://registry.npmjs.org/is-descriptor/-/is-descriptor-0.1.6.tgz#366d8240dde487ca51823b1ab9f07a10a78251ca"
  dependencies:
    is-accessor-descriptor "^0.1.6"
    is-data-descriptor "^0.1.4"
    kind-of "^5.0.0"

is-descriptor@^1.0.0, is-descriptor@^1.0.2:
  version "1.0.2"
  resolved "https://registry.npmjs.org/is-descriptor/-/is-descriptor-1.0.2.tgz#3b159746a66604b04f8c81524ba365c5f14d86ec"
  dependencies:
    is-accessor-descriptor "^1.0.0"
    is-data-descriptor "^1.0.0"
    kind-of "^6.0.2"

is-extendable@^0.1.0, is-extendable@^0.1.1:
  version "0.1.1"
  resolved "https://registry.npmjs.org/is-extendable/-/is-extendable-0.1.1.tgz#62b110e289a471418e3ec36a617d472e301dfc89"

is-extendable@^1.0.1:
  version "1.0.1"
  resolved "https://registry.npmjs.org/is-extendable/-/is-extendable-1.0.1.tgz#a7470f9e426733d81bd81e1155264e3a3507cab4"
  dependencies:
    is-plain-object "^2.0.4"

is-number@^3.0.0:
  version "3.0.0"
  resolved "https://registry.npmjs.org/is-number/-/is-number-3.0.0.tgz#24fd6201a4782cf50561c810276afc7d12d71195"
  dependencies:
    kind-of "^3.0.2"

is-plain-object@^2.0.1, is-plain-object@^2.0.3, is-plain-object@^2.0.4:
  version "2.0.4"
  resolved "https://registry.npmjs.org/is-plain-object/-/is-plain-object-2.0.4.tgz#2c163b3fafb1b606d9d17928f05c2a1c38e07677"
  dependencies:
    isobject "^3.0.1"

is-windows@^1.0.2:
  version "1.0.2"
  resolved "https://registry.npmjs.org/is-windows/-/is-windows-1.0.2.tgz#d1850eb9791ecd18e6182ce12a30f396634bb19d"

isarray@1.0.0, isarray@~1.0.0:
  version "1.0.0"
  resolved "https://registry.npmjs.org/isarray/-/isarray-1.0.0.tgz#bb935d48582cba168c06834957a54a3e07124f11"

isobject@^2.0.0:
  version "2.1.0"
  resolved "https://registry.npmjs.org/isobject/-/isobject-2.1.0.tgz#f065561096a3f1da2ef46272f815c840d87e0c89"
  dependencies:
    isarray "1.0.0"

isobject@^3.0.0, isobject@^3.0.1:
  version "3.0.1"
  resolved "https://registry.npmjs.org/isobject/-/isobject-3.0.1.tgz#4e431e92b11a9731636aa1f9c8d1ccbcfdab78df"

json3@3.3.2:
  version "3.3.2"
  resolved "https://registry.npmjs.org/json3/-/json3-3.3.2.tgz#3c0434743df93e2f5c42aee7b19bcb483575f4e1"

json5@^0.5.0:
  version "0.5.1"
  resolved "https://registry.npmjs.org/json5/-/json5-0.5.1.tgz#1eade7acc012034ad84e2396767ead9fa5495821"

kind-of@^3.0.2, kind-of@^3.0.3, kind-of@^3.2.0:
  version "3.2.2"
  resolved "https://registry.npmjs.org/kind-of/-/kind-of-3.2.2.tgz#31ea21a734bab9bbb0f32466d893aea51e4a3c64"
  dependencies:
    is-buffer "^1.1.5"

kind-of@^4.0.0:
  version "4.0.0"
  resolved "https://registry.npmjs.org/kind-of/-/kind-of-4.0.0.tgz#20813df3d712928b207378691a45066fae72dd57"
  dependencies:
    is-buffer "^1.1.5"

kind-of@^5.0.0:
  version "5.1.0"
  resolved "https://registry.npmjs.org/kind-of/-/kind-of-5.1.0.tgz#729c91e2d857b7a419a1f9aa65685c4c33f5845d"

kind-of@^6.0.0, kind-of@^6.0.2:
  version "6.0.2"
  resolved "https://registry.npmjs.org/kind-of/-/kind-of-6.0.2.tgz#01146b36a6218e64e58f3a8d66de5d7fc6f6d051"

lit-html@^0.11.0:
  version "0.11.1"
  resolved "https://registry.npmjs.org/lit-html/-/lit-html-0.11.1.tgz#ad3dcfea1dbaf65fadf335fa1e2bd9ac19255394"

loader-utils@^1.0.2:
  version "1.1.0"
  resolved "https://registry.npmjs.org/loader-utils/-/loader-utils-1.1.0.tgz#c98aef488bcceda2ffb5e2de646d6a754429f5cd"
  dependencies:
    big.js "^3.1.3"
    emojis-list "^2.0.0"
    json5 "^0.5.0"

lodash._baseassign@^3.0.0:
  version "3.2.0"
  resolved "https://registry.npmjs.org/lodash._baseassign/-/lodash._baseassign-3.2.0.tgz#8c38a099500f215ad09e59f1722fd0c52bfe0a4e"
  dependencies:
    lodash._basecopy "^3.0.0"
    lodash.keys "^3.0.0"

lodash._basecopy@^3.0.0:
  version "3.0.1"
  resolved "https://registry.npmjs.org/lodash._basecopy/-/lodash._basecopy-3.0.1.tgz#8da0e6a876cf344c0ad8a54882111dd3c5c7ca36"

lodash._basecreate@^3.0.0:
  version "3.0.3"
  resolved "https://registry.npmjs.org/lodash._basecreate/-/lodash._basecreate-3.0.3.tgz#1bc661614daa7fc311b7d03bf16806a0213cf821"

lodash._getnative@^3.0.0:
  version "3.9.1"
  resolved "https://registry.npmjs.org/lodash._getnative/-/lodash._getnative-3.9.1.tgz#570bc7dede46d61cdcde687d65d3eecbaa3aaff5"

lodash._isiterateecall@^3.0.0:
  version "3.0.9"
  resolved "https://registry.npmjs.org/lodash._isiterateecall/-/lodash._isiterateecall-3.0.9.tgz#5203ad7ba425fae842460e696db9cf3e6aac057c"

lodash.create@3.1.1:
  version "3.1.1"
  resolved "https://registry.npmjs.org/lodash.create/-/lodash.create-3.1.1.tgz#d7f2849f0dbda7e04682bb8cd72ab022461debe7"
  dependencies:
    lodash._baseassign "^3.0.0"
    lodash._basecreate "^3.0.0"
    lodash._isiterateecall "^3.0.0"

lodash.isarguments@^3.0.0:
  version "3.1.0"
  resolved "https://registry.npmjs.org/lodash.isarguments/-/lodash.isarguments-3.1.0.tgz#2f573d85c6a24289ff00663b491c1d338ff3458a"

lodash.isarray@^3.0.0:
  version "3.0.4"
  resolved "https://registry.npmjs.org/lodash.isarray/-/lodash.isarray-3.0.4.tgz#79e4eb88c36a8122af86f844aa9bcd851b5fbb55"

lodash.keys@^3.0.0:
  version "3.1.2"
  resolved "https://registry.npmjs.org/lodash.keys/-/lodash.keys-3.1.2.tgz#4dbc0472b156be50a0b286855d1bd0b0c656098a"
  dependencies:
    lodash._getnative "^3.0.0"
    lodash.isarguments "^3.0.0"
    lodash.isarray "^3.0.0"

lodash@^3.0.0, lodash@^3.10.1:
  version "3.10.1"
  resolved "https://registry.npmjs.org/lodash/-/lodash-3.10.1.tgz#5bf45e8e49ba4189e17d482789dfd15bd140b7b6"

lolex@1.3.2:
  version "1.3.2"
  resolved "https://registry.npmjs.org/lolex/-/lolex-1.3.2.tgz#7c3da62ffcb30f0f5a80a2566ca24e45d8a01f31"

map-cache@^0.2.2:
  version "0.2.2"
  resolved "https://registry.npmjs.org/map-cache/-/map-cache-0.2.2.tgz#c32abd0bd6525d9b051645bb4f26ac5dc98a0dbf"

map-visit@^1.0.0:
  version "1.0.0"
  resolved "https://registry.npmjs.org/map-visit/-/map-visit-1.0.0.tgz#ecdca8f13144e660f1b5bd41f12f3479d98dfb8f"
  dependencies:
    object-visit "^1.0.0"

marked@~0.3.9:
  version "0.3.19"
  resolved "https://registry.npmjs.org/marked/-/marked-0.3.19.tgz#5d47f709c4c9fc3c216b6d46127280f40b39d790"

memory-fs@^0.4.0:
  version "0.4.1"
  resolved "https://registry.npmjs.org/memory-fs/-/memory-fs-0.4.1.tgz#3a9a20b8462523e447cfbc7e8bb80ed667bfc552"
  dependencies:
    errno "^0.1.3"
    readable-stream "^2.0.1"

micromatch@^3.1.4:
  version "3.1.10"
  resolved "https://registry.npmjs.org/micromatch/-/micromatch-3.1.10.tgz#70859bc95c9840952f359a068a3fc49f9ecfac23"
  dependencies:
    arr-diff "^4.0.0"
    array-unique "^0.3.2"
    braces "^2.3.1"
    define-property "^2.0.2"
    extend-shallow "^3.0.2"
    extglob "^2.0.4"
    fragment-cache "^0.2.1"
    kind-of "^6.0.2"
    nanomatch "^1.2.9"
    object.pick "^1.3.0"
    regex-not "^1.0.0"
    snapdragon "^0.8.1"
    to-regex "^3.0.2"

minimatch@^3.0.2:
  version "3.0.4"
  resolved "https://registry.npmjs.org/minimatch/-/minimatch-3.0.4.tgz#5166e286457f03306064be5497e8dbb0c3d32083"
  dependencies:
    brace-expansion "^1.1.7"

minimist@0.0.8:
  version "0.0.8"
  resolved "https://registry.npmjs.org/minimist/-/minimist-0.0.8.tgz#857fcabfc3397d2625b8228262e86aa7a011b05d"

mixin-deep@^1.2.0:
  version "1.3.1"
  resolved "https://registry.npmjs.org/mixin-deep/-/mixin-deep-1.3.1.tgz#a49e7268dce1a0d9698e45326c5626df3543d0fe"
  dependencies:
    for-in "^1.0.2"
    is-extendable "^1.0.1"

mkdirp@0.5.1:
  version "0.5.1"
  resolved "https://registry.npmjs.org/mkdirp/-/mkdirp-0.5.1.tgz#30057438eac6cf7f8c4767f38648d6697d75c903"
  dependencies:
    minimist "0.0.8"

mocha@^3.4.2:
  version "3.5.3"
  resolved "https://registry.npmjs.org/mocha/-/mocha-3.5.3.tgz#1e0480fe36d2da5858d1eb6acc38418b26eaa20d"
  dependencies:
    browser-stdout "1.3.0"
    commander "2.9.0"
    debug "2.6.8"
    diff "3.2.0"
    escape-string-regexp "1.0.5"
    glob "7.1.1"
    growl "1.9.2"
    he "1.1.1"
    json3 "3.3.2"
    lodash.create "3.1.1"
    mkdirp "0.5.1"
    supports-color "3.1.2"

ms@2.0.0:
  version "2.0.0"
  resolved "https://registry.npmjs.org/ms/-/ms-2.0.0.tgz#5608aeadfc00be6c2901df5f9861788de0d597c8"

nanomatch@^1.2.9:
  version "1.2.13"
  resolved "https://registry.npmjs.org/nanomatch/-/nanomatch-1.2.13.tgz#b87a8aa4fc0de8fe6be88895b38983ff265bd119"
  dependencies:
    arr-diff "^4.0.0"
    array-unique "^0.3.2"
    define-property "^2.0.2"
    extend-shallow "^3.0.2"
    fragment-cache "^0.2.1"
    is-windows "^1.0.2"
    kind-of "^6.0.2"
    object.pick "^1.3.0"
    regex-not "^1.0.0"
    snapdragon "^0.8.1"
    to-regex "^3.0.1"

object-copy@^0.1.0:
  version "0.1.0"
  resolved "https://registry.npmjs.org/object-copy/-/object-copy-0.1.0.tgz#7e7d858b781bd7c991a41ba975ed3812754e998c"
  dependencies:
    copy-descriptor "^0.1.0"
    define-property "^0.2.5"
    kind-of "^3.0.3"

object-visit@^1.0.0:
  version "1.0.1"
  resolved "https://registry.npmjs.org/object-visit/-/object-visit-1.0.1.tgz#f79c4493af0c5377b59fe39d395e41042dd045bb"
  dependencies:
    isobject "^3.0.0"

object.pick@^1.3.0:
  version "1.3.0"
  resolved "https://registry.npmjs.org/object.pick/-/object.pick-1.3.0.tgz#87a10ac4c1694bd2e1cbf53591a66141fb5dd747"
  dependencies:
    isobject "^3.0.1"

once@^1.3.0:
  version "1.4.0"
  resolved "https://registry.npmjs.org/once/-/once-1.4.0.tgz#583b1aa775961d4b113ac17d9c50baef9dd76bd1"
  dependencies:
    wrappy "1"

pascalcase@^0.1.1:
  version "0.1.1"
  resolved "https://registry.npmjs.org/pascalcase/-/pascalcase-0.1.1.tgz#b363e55e8006ca6fe21784d2db22bd15d7917f14"

path-is-absolute@^1.0.0:
  version "1.0.1"
  resolved "https://registry.npmjs.org/path-is-absolute/-/path-is-absolute-1.0.1.tgz#174b9268735534ffbc7ace6bf53a5a9e1b5c5f5f"

posix-character-classes@^0.1.0:
  version "0.1.1"
  resolved "https://registry.npmjs.org/posix-character-classes/-/posix-character-classes-0.1.1.tgz#01eac0fe3b5af71a2a6c02feabb8c1fef7e00eab"

prismjs@^1.11.0:
  version "1.15.0"
  resolved "https://registry.npmjs.org/prismjs/-/prismjs-1.15.0.tgz#8801d332e472091ba8def94976c8877ad60398d9"
  optionalDependencies:
    clipboard "^2.0.0"

process-nextick-args@~2.0.0:
  version "2.0.0"
  resolved "https://registry.npmjs.org/process-nextick-args/-/process-nextick-args-2.0.0.tgz#a37d732f4271b4ab1ad070d35508e8290788ffaa"

prr@~1.0.1:
  version "1.0.1"
  resolved "https://registry.npmjs.org/prr/-/prr-1.0.1.tgz#d3fc114ba06995a45ec6893f484ceb1d78f5f476"

querystring@^0.2.0:
  version "0.2.0"
  resolved "https://registry.npmjs.org/querystring/-/querystring-0.2.0.tgz#b209849203bb25df820da756e747005878521620"

readable-stream@^2.0.1:
  version "2.3.6"
  resolved "https://registry.npmjs.org/readable-stream/-/readable-stream-2.3.6.tgz#b11c27d88b8ff1fbe070643cf94b0c79ae1b0aaf"
  dependencies:
    core-util-is "~1.0.0"
    inherits "~2.0.3"
    isarray "~1.0.0"
    process-nextick-args "~2.0.0"
    safe-buffer "~5.1.1"
    string_decoder "~1.1.1"
    util-deprecate "~1.0.1"

regex-not@^1.0.0, regex-not@^1.0.2:
  version "1.0.2"
  resolved "https://registry.npmjs.org/regex-not/-/regex-not-1.0.2.tgz#1f4ece27e00b0b65e0247a6810e6a85d83a5752c"
  dependencies:
    extend-shallow "^3.0.2"
    safe-regex "^1.1.0"

repeat-element@^1.1.2:
  version "1.1.3"
  resolved "https://registry.npmjs.org/repeat-element/-/repeat-element-1.1.3.tgz#782e0d825c0c5a3bb39731f84efee6b742e6b1ce"

repeat-string@^1.6.1:
  version "1.6.1"
  resolved "https://registry.npmjs.org/repeat-string/-/repeat-string-1.6.1.tgz#8dcae470e1c88abc2d600fff4a776286da75e637"

resolve-url@^0.2.1:
  version "0.2.1"
  resolved "https://registry.npmjs.org/resolve-url/-/resolve-url-0.2.1.tgz#2c637fe77c893afd2a663fe21aa9080068e2052a"

ret@~0.1.10:
  version "0.1.15"
  resolved "https://registry.npmjs.org/ret/-/ret-0.1.15.tgz#b8a4825d5bdb1fc3f6f53c2bc33f81388681c7bc"

safe-buffer@~5.1.0, safe-buffer@~5.1.1:
  version "5.1.2"
  resolved "https://registry.npmjs.org/safe-buffer/-/safe-buffer-5.1.2.tgz#991ec69d296e0313747d59bdfd2b745c35f8828d"

safe-regex@^1.1.0:
  version "1.1.0"
  resolved "https://registry.npmjs.org/safe-regex/-/safe-regex-1.1.0.tgz#40a3669f3b077d1e943d44629e157dd48023bf2e"
  dependencies:
    ret "~0.1.10"

samsam@1.1.2:
  version "1.1.2"
  resolved "https://registry.npmjs.org/samsam/-/samsam-1.1.2.tgz#bec11fdc83a9fda063401210e40176c3024d1567"

samsam@~1.1:
  version "1.1.3"
  resolved "https://registry.npmjs.org/samsam/-/samsam-1.1.3.tgz#9f5087419b4d091f232571e7fa52e90b0f552621"

select@^1.1.2:
  version "1.1.2"
  resolved "https://registry.npmjs.org/select/-/select-1.1.2.tgz#0e7350acdec80b1108528786ec1d4418d11b396d"

semver@^5.0.1:
  version "5.5.1"
  resolved "https://registry.npmjs.org/semver/-/semver-5.5.1.tgz#7dfdd8814bdb7cabc7be0fb1d734cfb66c940477"

set-value@^0.4.3:
  version "0.4.3"
  resolved "https://registry.npmjs.org/set-value/-/set-value-0.4.3.tgz#7db08f9d3d22dc7f78e53af3c3bf4666ecdfccf1"
  dependencies:
    extend-shallow "^2.0.1"
    is-extendable "^0.1.1"
    is-plain-object "^2.0.1"
    to-object-path "^0.3.0"

set-value@^2.0.0:
  version "2.0.0"
  resolved "https://registry.npmjs.org/set-value/-/set-value-2.0.0.tgz#71ae4a88f0feefbbf52d1ea604f3fb315ebb6274"
  dependencies:
    extend-shallow "^2.0.1"
    is-extendable "^0.1.1"
    is-plain-object "^2.0.3"
    split-string "^3.0.1"

sinon-chai@^2.10.0:
  version "2.14.0"
  resolved "https://registry.npmjs.org/sinon-chai/-/sinon-chai-2.14.0.tgz#da7dd4cc83cd6a260b67cca0f7a9fdae26a1205d"

sinon@^1.17.1:
  version "1.17.7"
  resolved "https://registry.npmjs.org/sinon/-/sinon-1.17.7.tgz#4542a4f49ba0c45c05eb2e9dd9d203e2b8efe0bf"
  dependencies:
    formatio "1.1.1"
    lolex "1.3.2"
    samsam "1.1.2"
    util ">=0.10.3 <1"

snapdragon-node@^2.0.1:
  version "2.1.1"
  resolved "https://registry.npmjs.org/snapdragon-node/-/snapdragon-node-2.1.1.tgz#6c175f86ff14bdb0724563e8f3c1b021a286853b"
  dependencies:
    define-property "^1.0.0"
    isobject "^3.0.0"
    snapdragon-util "^3.0.1"

snapdragon-util@^3.0.1:
  version "3.0.1"
  resolved "https://registry.npmjs.org/snapdragon-util/-/snapdragon-util-3.0.1.tgz#f956479486f2acd79700693f6f7b805e45ab56e2"
  dependencies:
    kind-of "^3.2.0"

snapdragon@^0.8.1:
  version "0.8.2"
  resolved "https://registry.npmjs.org/snapdragon/-/snapdragon-0.8.2.tgz#64922e7c565b0e14204ba1aa7d6964278d25182d"
  dependencies:
    base "^0.11.1"
    debug "^2.2.0"
    define-property "^0.2.5"
    extend-shallow "^2.0.1"
    map-cache "^0.2.2"
    source-map "^0.5.6"
    source-map-resolve "^0.5.0"
    use "^3.1.0"

source-map-resolve@^0.5.0:
  version "0.5.2"
  resolved "https://registry.npmjs.org/source-map-resolve/-/source-map-resolve-0.5.2.tgz#72e2cc34095543e43b2c62b2c4c10d4a9054f259"
  dependencies:
    atob "^2.1.1"
    decode-uri-component "^0.2.0"
    resolve-url "^0.2.1"
    source-map-url "^0.4.0"
    urix "^0.1.0"

source-map-url@^0.4.0:
  version "0.4.0"
  resolved "https://registry.npmjs.org/source-map-url/-/source-map-url-0.4.0.tgz#3e935d7ddd73631b97659956d55128e87b5084a3"

source-map@^0.5.6:
  version "0.5.7"
  resolved "https://registry.npmjs.org/source-map/-/source-map-0.5.7.tgz#8a039d2d1021d22d1ea14c80d8ea468ba2ef3fcc"

split-string@^3.0.1, split-string@^3.0.2:
  version "3.1.0"
  resolved "https://registry.npmjs.org/split-string/-/split-string-3.1.0.tgz#7cb09dda3a86585705c64b39a6466038682e8fe2"
  dependencies:
    extend-shallow "^3.0.0"

stacky@^1.3.1:
  version "1.3.1"
  resolved "https://registry.npmjs.org/stacky/-/stacky-1.3.1.tgz#3f117e5187b9a73d23f876d69f05c85b11804a12"
  dependencies:
    chalk "^1.1.1"
    lodash "^3.0.0"

static-extend@^0.1.1:
  version "0.1.2"
  resolved "https://registry.npmjs.org/static-extend/-/static-extend-0.1.2.tgz#60809c39cbff55337226fd5e0b520f341f1fb5c6"
  dependencies:
    define-property "^0.2.5"
    object-copy "^0.1.0"

string_decoder@~1.1.1:
  version "1.1.1"
  resolved "https://registry.npmjs.org/string_decoder/-/string_decoder-1.1.1.tgz#9cf1611ba62685d7030ae9e4ba34149c3af03fc8"
  dependencies:
    safe-buffer "~5.1.0"

strip-ansi@^3.0.0:
  version "3.0.1"
  resolved "https://registry.npmjs.org/strip-ansi/-/strip-ansi-3.0.1.tgz#6a385fb8853d952d5ff05d0e8aaf94278dc63dcf"
  dependencies:
    ansi-regex "^2.0.0"

supports-color@3.1.2:
  version "3.1.2"
  resolved "https://registry.npmjs.org/supports-color/-/supports-color-3.1.2.tgz#72a262894d9d408b956ca05ff37b2ed8a6e2a2d5"
  dependencies:
    has-flag "^1.0.0"

supports-color@^2.0.0:
  version "2.0.0"
  resolved "https://registry.npmjs.org/supports-color/-/supports-color-2.0.0.tgz#535d045ce6b6363fa40117084629995e9df324c7"

supports-color@^5.3.0:
  version "5.5.0"
  resolved "https://registry.npmjs.org/supports-color/-/supports-color-5.5.0.tgz#e2e69a44ac8772f78a1ec0b35b689df6530efc8f"
  dependencies:
    has-flag "^3.0.0"

tapable@^1.0.0:
  version "1.0.0"
  resolved "https://registry.npmjs.org/tapable/-/tapable-1.0.0.tgz#cbb639d9002eed9c6b5975eb20598d7936f1f9f2"

tiny-emitter@^2.0.0:
  version "2.0.2"
  resolved "https://registry.npmjs.org/tiny-emitter/-/tiny-emitter-2.0.2.tgz#82d27468aca5ade8e5fd1e6d22b57dd43ebdfb7c"

to-object-path@^0.3.0:
  version "0.3.0"
  resolved "https://registry.npmjs.org/to-object-path/-/to-object-path-0.3.0.tgz#297588b7b0e7e0ac08e04e672f85c1f4999e17af"
  dependencies:
    kind-of "^3.0.2"

to-regex-range@^2.1.0:
  version "2.1.1"
  resolved "https://registry.npmjs.org/to-regex-range/-/to-regex-range-2.1.1.tgz#7c80c17b9dfebe599e27367e0d4dd5590141db38"
  dependencies:
    is-number "^3.0.0"
    repeat-string "^1.6.1"

to-regex@^3.0.1, to-regex@^3.0.2:
  version "3.0.2"
  resolved "https://registry.npmjs.org/to-regex/-/to-regex-3.0.2.tgz#13cfdd9b336552f30b51f33a8ae1b42a7a7599ce"
  dependencies:
    define-property "^2.0.2"
    extend-shallow "^3.0.2"
    regex-not "^1.0.2"
    safe-regex "^1.1.0"

ts-loader@^5.0.0:
  version "5.0.0"
  resolved "https://registry.npmjs.org/ts-loader/-/ts-loader-5.0.0.tgz#0715ee31ed229fcdc8df73e87ccd80e6a46cae04"
  dependencies:
    chalk "^2.3.0"
    enhanced-resolve "^4.0.0"
    loader-utils "^1.0.2"
    micromatch "^3.1.4"
    semver "^5.0.1"

type-detect@0.1.1:
  version "0.1.1"
  resolved "https://registry.npmjs.org/type-detect/-/type-detect-0.1.1.tgz#0ba5ec2a885640e470ea4e8505971900dac58822"

type-detect@^1.0.0:
  version "1.0.0"
  resolved "https://registry.npmjs.org/type-detect/-/type-detect-1.0.0.tgz#762217cc06db258ec48908a1298e8b95121e8ea2"

typescript@^3.0.3:
  version "3.0.3"
  resolved "https://registry.npmjs.org/typescript/-/typescript-3.0.3.tgz#4853b3e275ecdaa27f78fda46dc273a7eb7fc1c8"

union-value@^1.0.0:
  version "1.0.0"
  resolved "https://registry.npmjs.org/union-value/-/union-value-1.0.0.tgz#5c71c34cb5bad5dcebe3ea0cd08207ba5aa1aea4"
  dependencies:
    arr-union "^3.1.0"
    get-value "^2.0.6"
    is-extendable "^0.1.1"
    set-value "^0.4.3"

unset-value@^1.0.0:
  version "1.0.0"
  resolved "https://registry.npmjs.org/unset-value/-/unset-value-1.0.0.tgz#8376873f7d2335179ffb1e6fc3a8ed0dfc8ab559"
  dependencies:
    has-value "^0.3.1"
    isobject "^3.0.0"

urix@^0.1.0:
  version "0.1.0"
  resolved "https://registry.npmjs.org/urix/-/urix-0.1.0.tgz#da937f7a62e21fec1fd18d49b35c2935067a6c72"

use@^3.1.0:
  version "3.1.1"
  resolved "https://registry.npmjs.org/use/-/use-3.1.1.tgz#d50c8cac79a19fbc20f2911f56eb973f4e10070f"

util-deprecate@~1.0.1:
  version "1.0.2"
  resolved "https://registry.npmjs.org/util-deprecate/-/util-deprecate-1.0.2.tgz#450d4dc9fa70de732762fbd2d4a28981419a0ccf"

"util@>=0.10.3 <1":
  version "0.10.3"
  resolved "https://registry.npmjs.org/util/-/util-0.10.3.tgz#7afb1afe50805246489e3db7fe0ed379336ac0f9"
  dependencies:
    inherits "2.0.1"

wct-browser-legacy@^1.0.0:
  version "1.0.1"
  resolved "https://registry.npmjs.org/wct-browser-legacy/-/wct-browser-legacy-1.0.1.tgz#1ed448feb9c592fd54c3d9da69ee9d62bec32a39"
  dependencies:
    "@polymer/polymer" "^3.0.0"
    "@polymer/sinonjs" "^1.14.1"
    "@polymer/test-fixture" "^3.0.0-pre.1"
    "@webcomponents/webcomponentsjs" "^2.0.0"
    accessibility-developer-tools "^2.12.0"
    async "^1.5.2"
    chai "^3.5.0"
    lodash "^3.10.1"
    mocha "^3.4.2"
    sinon "^1.17.1"
    sinon-chai "^2.10.0"
    stacky "^1.3.1"

webpack-hot-middleware@^2.22.2:
  version "2.23.1"
  resolved "https://registry.npmjs.org/webpack-hot-middleware/-/webpack-hot-middleware-2.23.1.tgz#56b06abc25821466451fd7d2481a0014aef023bb"
  dependencies:
    ansi-html "0.0.7"
    html-entities "^1.2.0"
    querystring "^0.2.0"
    strip-ansi "^3.0.0"

wrappy@1:
  version "1.0.2"
  resolved "https://registry.npmjs.org/wrappy/-/wrappy-1.0.2.tgz#b5243d8f3ec1aa35f1364605bc0d1036e30ab69f"
